
Microsoft Visual Studio Solution File, Format Version 12.00
# Visual Studio Version 17
VisualStudioVersion = 17.13.35825.156 d17.13
MinimumVisualStudioVersion = 10.0.40219.1
Project("{FAE04EC0-301F-11D3-BF4B-00C04F79EFBC}") = "GestorTareas", "GestorTareas\GestorTareas.csproj", "{DFC86668-5173-4222-9F57-8B5F7A3E93D7}"
EndProject
Global
	GlobalSection(SolutionConfigurationPlatforms) = preSolution
		Debug|Any CPU = Debug|Any CPU
		Release|Any CPU = Release|Any CPU
	EndGlobalSection
	GlobalSection(ProjectConfigurationPlatforms) = postSolution
		{DFC86668-5173-4222-9F57-8B5F7A3E93D7}.Debug|Any CPU.ActiveCfg = Debug|Any CPU
		{DFC86668-5173-4222-9F57-8B5F7A3E93D7}.Debug|Any CPU.Build.0 = Debug|Any CPU
		{DFC86668-5173-4222-9F57-8B5F7A3E93D7}.Release|Any CPU.ActiveCfg = Release|Any CPU
		{DFC86668-5173-4222-9F57-8B5F7A3E93D7}.Release|Any CPU.Build.0 = Release|Any CPU
	EndGlobalSection
	GlobalSection(SolutionProperties) = preSolution
		HideSolutionNode = FALSE
	EndGlobalSection
	GlobalSection(ExtensibilityGlobals) = postSolution
		SolutionGuid = {09AEEF8E-DDEC-4774-89DE-4125E21AC236}
	EndGlobalSection
EndGlobal
